
Microsoft Visual Studio Solution File, Format Version 12.00
# Visual Studio Version 16
VisualStudioVersion = 16.0.28803.352
MinimumVisualStudioVersion = 10.0.40219.1
Project("{8BC9CEB8-8B4A-11D0-8D11-00A0C91BC942}") = "4族谱你管理系统", "4族谱你管理系统\4族谱你管理系统.vcxproj", "{EB505ED3-2EE0-41EF-B92D-B760D538FDE3}"
EndProject
Global
	GlobalSection(SolutionConfigurationPlatforms) = preSolution
		Debug|x64 = Debug|x64
		Debug|x86 = Debug|x86
		Release|x64 = Release|x64
		Release|x86 = Release|x86
	EndGlobalSection
	GlobalSection(ProjectConfigurationPlatforms) = postSolution
		{EB505ED3-2EE0-41EF-B92D-B760D538FDE3}.Debug|x64.ActiveCfg = Debug|x64
		{EB505ED3-2EE0-41EF-B92D-B760D538FDE3}.Debug|x64.Build.0 = Debug|x64
		{EB505ED3-2EE0-41EF-B92D-B760D538FDE3}.Debug|x86.ActiveCfg = Debug|Win32
		{EB505ED3-2EE0-41EF-B92D-B760D538FDE3}.Debug|x86.Build.0 = Debug|Win32
		{EB505ED3-2EE0-41EF-B92D-B760D538FDE3}.Release|x64.ActiveCfg = Release|x64
		{EB505ED3-2EE0-41EF-B92D-B760D538FDE3}.Release|x64.Build.0 = Release|x64
		{EB505ED3-2EE0-41EF-B92D-B760D538FDE3}.Release|x86.ActiveCfg = Release|Win32
		{EB505ED3-2EE0-41EF-B92D-B760D538FDE3}.Release|x86.Build.0 = Release|Win32
	EndGlobalSection
	GlobalSection(SolutionProperties) = preSolution
		HideSolutionNode = FALSE
	EndGlobalSection
	GlobalSection(ExtensibilityGlobals) = postSolution
		SolutionGuid = {AE75AE05-83A9-4060-A67B-F80F13806E56}
	EndGlobalSection
EndGlobal
