
Microsoft Visual Studio Solution File, Format Version 12.00
# Visual Studio Version 16
VisualStudioVersion = 16.0.28803.352
MinimumVisualStudioVersion = 10.0.40219.1
Project("{8BC9CEB8-8B4A-11D0-8D11-00A0C91BC942}") = "平衡二叉树", "平衡二叉树\平衡二叉树.vcxproj", "{96B55589-C8CE-4410-99C7-3A9A7FDFE743}"
EndProject
Global
	GlobalSection(SolutionConfigurationPlatforms) = preSolution
		Debug|x64 = Debug|x64
		Debug|x86 = Debug|x86
		Release|x64 = Release|x64
		Release|x86 = Release|x86
	EndGlobalSection
	GlobalSection(ProjectConfigurationPlatforms) = postSolution
		{96B55589-C8CE-4410-99C7-3A9A7FDFE743}.Debug|x64.ActiveCfg = Debug|x64
		{96B55589-C8CE-4410-99C7-3A9A7FDFE743}.Debug|x64.Build.0 = Debug|x64
		{96B55589-C8CE-4410-99C7-3A9A7FDFE743}.Debug|x86.ActiveCfg = Debug|Win32
		{96B55589-C8CE-4410-99C7-3A9A7FDFE743}.Debug|x86.Build.0 = Debug|Win32
		{96B55589-C8CE-4410-99C7-3A9A7FDFE743}.Release|x64.ActiveCfg = Release|x64
		{96B55589-C8CE-4410-99C7-3A9A7FDFE743}.Release|x64.Build.0 = Release|x64
		{96B55589-C8CE-4410-99C7-3A9A7FDFE743}.Release|x86.ActiveCfg = Release|Win32
		{96B55589-C8CE-4410-99C7-3A9A7FDFE743}.Release|x86.Build.0 = Release|Win32
	EndGlobalSection
	GlobalSection(SolutionProperties) = preSolution
		HideSolutionNode = FALSE
	EndGlobalSection
	GlobalSection(ExtensibilityGlobals) = postSolution
		SolutionGuid = {1B0FFF10-BC47-41A5-8B7F-CB36DDCE7B88}
	EndGlobalSection
EndGlobal
